
Microsoft Visual Studio Solution File, Format Version 12.00
# Visual Studio Version 17
VisualStudioVersion = 17.0.31903.59
MinimumVisualStudioVersion = 10.0.40219.1
Project("{FAE04EC0-301F-11D3-BF4B-00C04F79EFBC}") = "CanarinScout.WebApi", "CanarinScout.WebApi\CanarinScout.WebApi.csproj", "{0E9C3E24-0D67-4F92-A84B-434EF300CB41}"
EndProject
Project("{FAE04EC0-301F-11D3-BF4B-00C04F79EFBC}") = "CanarinScout.Application", "CanarinScout.Application\CanarinScout.Application.csproj", "{BA2EDB27-161E-4AE2-9BF0-61B243FD9506}"
EndProject
Project("{FAE04EC0-301F-11D3-BF4B-00C04F79EFBC}") = "CanarinScout.Domain", "CanarinScout.Domain\CanarinScout.Domain.csproj", "{0CFDDD2C-2BA5-4922-B640-695D248201A2}"
EndProject
Project("{FAE04EC0-301F-11D3-BF4B-00C04F79EFBC}") = "CanarinScout.Infrastructure", "CanarinScout.Infrastructure\CanarinScout.Infrastructure.csproj", "{B81C0BDC-A5F4-4A10-811F-8D1090966581}"
EndProject
Global
	GlobalSection(SolutionConfigurationPlatforms) = preSolution
		Debug|Any CPU = Debug|Any CPU
		Release|Any CPU = Release|Any CPU
	EndGlobalSection
	GlobalSection(SolutionProperties) = preSolution
		HideSolutionNode = FALSE
	EndGlobalSection
	GlobalSection(ProjectConfigurationPlatforms) = postSolution
		{0E9C3E24-0D67-4F92-A84B-434EF300CB41}.Debug|Any CPU.ActiveCfg = Debug|Any CPU
		{0E9C3E24-0D67-4F92-A84B-434EF300CB41}.Debug|Any CPU.Build.0 = Debug|Any CPU
		{0E9C3E24-0D67-4F92-A84B-434EF300CB41}.Release|Any CPU.ActiveCfg = Release|Any CPU
		{0E9C3E24-0D67-4F92-A84B-434EF300CB41}.Release|Any CPU.Build.0 = Release|Any CPU
		{BA2EDB27-161E-4AE2-9BF0-61B243FD9506}.Debug|Any CPU.ActiveCfg = Debug|Any CPU
		{BA2EDB27-161E-4AE2-9BF0-61B243FD9506}.Debug|Any CPU.Build.0 = Debug|Any CPU
		{BA2EDB27-161E-4AE2-9BF0-61B243FD9506}.Release|Any CPU.ActiveCfg = Release|Any CPU
		{BA2EDB27-161E-4AE2-9BF0-61B243FD9506}.Release|Any CPU.Build.0 = Release|Any CPU
		{0CFDDD2C-2BA5-4922-B640-695D248201A2}.Debug|Any CPU.ActiveCfg = Debug|Any CPU
		{0CFDDD2C-2BA5-4922-B640-695D248201A2}.Debug|Any CPU.Build.0 = Debug|Any CPU
		{0CFDDD2C-2BA5-4922-B640-695D248201A2}.Release|Any CPU.ActiveCfg = Release|Any CPU
		{0CFDDD2C-2BA5-4922-B640-695D248201A2}.Release|Any CPU.Build.0 = Release|Any CPU
		{B81C0BDC-A5F4-4A10-811F-8D1090966581}.Debug|Any CPU.ActiveCfg = Debug|Any CPU
		{B81C0BDC-A5F4-4A10-811F-8D1090966581}.Debug|Any CPU.Build.0 = Debug|Any CPU
		{B81C0BDC-A5F4-4A10-811F-8D1090966581}.Release|Any CPU.ActiveCfg = Release|Any CPU
		{B81C0BDC-A5F4-4A10-811F-8D1090966581}.Release|Any CPU.Build.0 = Release|Any CPU
	EndGlobalSection
EndGlobal
